PODS:
  - ADPhotoKit (0.1.0):
    - ADPhotoKit/UI (= 0.1.0)
  - ADPhotoKit/Core (0.1.0)
  - ADPhotoKit/UI (0.1.0):
    - ADPhotoKit/Core
    - Kingfisher (~> 6.0)
    - SnapKit
  - Kingfisher (6.2.1)
  - ProgressHUD (2.70)
  - SnapKit (5.0.1)

DEPENDENCIES:
  - ADPhotoKit (from `../`)
  - ProgressHUD

SPEC REPOS:
  trunk:
    - Kingfisher
    - ProgressHUD
    - SnapKit

EXTERNAL SOURCES:
  ADPhotoKit:
    :path: "../"

SPEC CHECKSUMS:
  ADPhotoKit: ffee6a5239d0c5e248ee58962ed9de4ad9928f4b
  Kingfisher: e71c6fac2aebb1262888cabc2cb13d313362a48f
  ProgressHUD: e603e8b8622c47d8818b9fb38b3cfe9d3e7ca421
  SnapKit: 97b92857e3df3a0c71833cce143274bf6ef8e5eb

PODFILE CHECKSUM: ab43502b2f3eb1b4e703c8a3de688e3a81876245

COCOAPODS: 1.9.1
