// !$*UTF8*$!
{
	archiveVersion = 1;
	classes = {
	};
	objectVersion = 46;
	objects = {

/* Begin PBXBuildFile section */
		607FACD61AFB9204008FA782 /* AppDelegate.swift in Sources */ = {isa = PBXBuildFile; fileRef = 607FACD51AFB9204008FA782 /* AppDelegate.swift */; };
		607FACD81AFB9204008FA782 /* ViewController.swift in Sources */ = {isa = PBXBuildFile; fileRef = 607FACD71AFB9204008FA782 /* ViewController.swift */; };
		607FACDB1AFB9204008FA782 /* Main.storyboard in Resources */ = {isa = PBXBuildFile; fileRef = 607FACD91AFB9204008FA782 /* Main.storyboard */; };
		607FACDD1AFB9204008FA782 /* Images.xcassets in Resources */ = {isa = PBXBuildFile; fileRef = 607FACDC1AFB9204008FA782 /* Images.xcassets */; };
		607FACE01AFB9204008FA782 /* LaunchScreen.xib in Resources */ = {isa = PBXBuildFile; fileRef = 607FACDE1AFB9204008FA782 /* LaunchScreen.xib */; };
		9522FB332655133D00A0D360 /* ProgressHUD.swift in Sources */ = {isa = PBXBuildFile; fileRef = 9522FB322655133D00A0D360 /* ProgressHUD.swift */; };
		9522FB3826551A4400A0D360 /* Progress.swift in Sources */ = {isa = PBXBuildFile; fileRef = 9522FB3726551A4400A0D360 /* Progress.swift */; };
		9551F0A7263A98D80089C8DE /* LanguageViewController.swift in Sources */ = {isa = PBXBuildFile; fileRef = 9551F0A6263A98D80089C8DE /* LanguageViewController.swift */; };
		9551F0B2263BA9130089C8DE /* ConfigModel.swift in Sources */ = {isa = PBXBuildFile; fileRef = 9551F0B1263BA9130089C8DE /* ConfigModel.swift */; };
		9551F0B6263BACB70089C8DE /* ConfigCell.swift in Sources */ = {isa = PBXBuildFile; fileRef = 9551F0B5263BACB70089C8DE /* ConfigCell.swift */; };
		9551F0B9263C0AF10089C8DE /* Stepper.swift in Sources */ = {isa = PBXBuildFile; fileRef = 9551F0B8263C0AF10089C8DE /* Stepper.swift */; };
		9551F0BC263C0F600089C8DE /* Ranger.swift in Sources */ = {isa = PBXBuildFile; fileRef = 9551F0BB263C0F600089C8DE /* Ranger.swift */; };
		9555813826BA4657007AA13C /* agg_5.png in Resources */ = {isa = PBXBuildFile; fileRef = 9555810326BA4656007AA13C /* agg_5.png */; };
		9555813926BA4657007AA13C /* agg_4.png in Resources */ = {isa = PBXBuildFile; fileRef = 9555810426BA4656007AA13C /* agg_4.png */; };
		9555813A26BA4657007AA13C /* agg_6.png in Resources */ = {isa = PBXBuildFile; fileRef = 9555810526BA4656007AA13C /* agg_6.png */; };
		9555813B26BA4657007AA13C /* agg_7.png in Resources */ = {isa = PBXBuildFile; fileRef = 9555810626BA4656007AA13C /* agg_7.png */; };
		9555813C26BA4657007AA13C /* agg_3.png in Resources */ = {isa = PBXBuildFile; fileRef = 9555810726BA4656007AA13C /* agg_3.png */; };
		9555813D26BA4657007AA13C /* agg_2.png in Resources */ = {isa = PBXBuildFile; fileRef = 9555810826BA4656007AA13C /* agg_2.png */; };
		9555813E26BA4657007AA13C /* agg_0.png in Resources */ = {isa = PBXBuildFile; fileRef = 9555810926BA4656007AA13C /* agg_0.png */; };
		9555813F26BA4657007AA13C /* agg_1.png in Resources */ = {isa = PBXBuildFile; fileRef = 9555810A26BA4656007AA13C /* agg_1.png */; };
		9555814026BA4657007AA13C /* agg_9.png in Resources */ = {isa = PBXBuildFile; fileRef = 9555810B26BA4656007AA13C /* agg_9.png */; };
		9555814126BA4657007AA13C /* agg_8.png in Resources */ = {isa = PBXBuildFile; fileRef = 9555810C26BA4656007AA13C /* agg_8.png */; };
		9555814226BA4657007AA13C /* agg_cover.png in Resources */ = {isa = PBXBuildFile; fileRef = 9555810D26BA4656007AA13C /* agg_cover.png */; };
		9555814326BA4657007AA13C /* agg_15.png in Resources */ = {isa = PBXBuildFile; fileRef = 9555810E26BA4656007AA13C /* agg_15.png */; };
		9555814426BA4657007AA13C /* agg_14.png in Resources */ = {isa = PBXBuildFile; fileRef = 9555810F26BA4656007AA13C /* agg_14.png */; };
		9555814526BA4657007AA13C /* agg_10.png in Resources */ = {isa = PBXBuildFile; fileRef = 9555811026BA4656007AA13C /* agg_10.png */; };
		9555814626BA4657007AA13C /* agg_11.png in Resources */ = {isa = PBXBuildFile; fileRef = 9555811126BA4656007AA13C /* agg_11.png */; };
		9555814726BA4657007AA13C /* agg_13.png in Resources */ = {isa = PBXBuildFile; fileRef = 9555811226BA4656007AA13C /* agg_13.png */; };
		9555814826BA4657007AA13C /* agg_12.png in Resources */ = {isa = PBXBuildFile; fileRef = 9555811326BA4656007AA13C /* agg_12.png */; };
		9555814926BA4657007AA13C /* dog_9.png in Resources */ = {isa = PBXBuildFile; fileRef = 9555811526BA4657007AA13C /* dog_9.png */; };
		9555814A26BA4657007AA13C /* dog_8.png in Resources */ = {isa = PBXBuildFile; fileRef = 9555811626BA4657007AA13C /* dog_8.png */; };
		9555814B26BA4657007AA13C /* dog_6.png in Resources */ = {isa = PBXBuildFile; fileRef = 9555811726BA4657007AA13C /* dog_6.png */; };
		9555814C26BA4657007AA13C /* dog_7.png in Resources */ = {isa = PBXBuildFile; fileRef = 9555811826BA4657007AA13C /* dog_7.png */; };
		9555814D26BA4657007AA13C /* dog_5.png in Resources */ = {isa = PBXBuildFile; fileRef = 9555811926BA4657007AA13C /* dog_5.png */; };
		9555814E26BA4657007AA13C /* dog_4.png in Resources */ = {isa = PBXBuildFile; fileRef = 9555811A26BA4657007AA13C /* dog_4.png */; };
		9555814F26BA4657007AA13C /* dog_0.png in Resources */ = {isa = PBXBuildFile; fileRef = 9555811B26BA4657007AA13C /* dog_0.png */; };
		9555815026BA4657007AA13C /* dog_1.png in Resources */ = {isa = PBXBuildFile; fileRef = 9555811C26BA4657007AA13C /* dog_1.png */; };
		9555815126BA4657007AA13C /* dog_3.png in Resources */ = {isa = PBXBuildFile; fileRef = 9555811D26BA4657007AA13C /* dog_3.png */; };
		9555815226BA4657007AA13C /* dog_2.png in Resources */ = {isa = PBXBuildFile; fileRef = 9555811E26BA4657007AA13C /* dog_2.png */; };
		9555815326BA4657007AA13C /* pig_8.png in Resources */ = {isa = PBXBuildFile; fileRef = 9555812026BA4657007AA13C /* pig_8.png */; };
		9555815426BA4657007AA13C /* pig_9.png in Resources */ = {isa = PBXBuildFile; fileRef = 9555812126BA4657007AA13C /* pig_9.png */; };
		9555815526BA4657007AA13C /* pig_19.png in Resources */ = {isa = PBXBuildFile; fileRef = 9555812226BA4657007AA13C /* pig_19.png */; };
		9555815626BA4657007AA13C /* pig_18.png in Resources */ = {isa = PBXBuildFile; fileRef = 9555812326BA4657007AA13C /* pig_18.png */; };
		9555815726BA4657007AA13C /* pig_20.png in Resources */ = {isa = PBXBuildFile; fileRef = 9555812426BA4657007AA13C /* pig_20.png */; };
		9555815826BA4657007AA13C /* pig_21.png in Resources */ = {isa = PBXBuildFile; fileRef = 9555812526BA4657007AA13C /* pig_21.png */; };
		9555815926BA4657007AA13C /* pig_23.png in Resources */ = {isa = PBXBuildFile; fileRef = 9555812626BA4657007AA13C /* pig_23.png */; };
		9555815A26BA4657007AA13C /* pig_22.png in Resources */ = {isa = PBXBuildFile; fileRef = 9555812726BA4657007AA13C /* pig_22.png */; };
		9555815B26BA4657007AA13C /* pig_1.png in Resources */ = {isa = PBXBuildFile; fileRef = 9555812826BA4657007AA13C /* pig_1.png */; };
		9555815C26BA4657007AA13C /* pig_13.png in Resources */ = {isa = PBXBuildFile; fileRef = 9555812926BA4657007AA13C /* pig_13.png */; };
		9555815D26BA4657007AA13C /* pig_12.png in Resources */ = {isa = PBXBuildFile; fileRef = 9555812A26BA4657007AA13C /* pig_12.png */; };
		9555815E26BA4657007AA13C /* pig_0.png in Resources */ = {isa = PBXBuildFile; fileRef = 9555812B26BA4657007AA13C /* pig_0.png */; };
		9555815F26BA4657007AA13C /* pig_2.png in Resources */ = {isa = PBXBuildFile; fileRef = 9555812C26BA4657007AA13C /* pig_2.png */; };
		9555816026BA4657007AA13C /* pig_10.png in Resources */ = {isa = PBXBuildFile; fileRef = 9555812D26BA4657007AA13C /* pig_10.png */; };
		9555816126BA4657007AA13C /* pig_11.png in Resources */ = {isa = PBXBuildFile; fileRef = 9555812E26BA4657007AA13C /* pig_11.png */; };
		9555816226BA4657007AA13C /* pig_3.png in Resources */ = {isa = PBXBuildFile; fileRef = 9555812F26BA4657007AA13C /* pig_3.png */; };
		9555816326BA4657007AA13C /* pig_7.png in Resources */ = {isa = PBXBuildFile; fileRef = 9555813026BA4657007AA13C /* pig_7.png */; };
		9555816426BA4657007AA13C /* pig_15.png in Resources */ = {isa = PBXBuildFile; fileRef = 9555813126BA4657007AA13C /* pig_15.png */; };
		9555816526BA4657007AA13C /* pig_14.png in Resources */ = {isa = PBXBuildFile; fileRef = 9555813226BA4657007AA13C /* pig_14.png */; };
		9555816626BA4657007AA13C /* pig_6.png in Resources */ = {isa = PBXBuildFile; fileRef = 9555813326BA4657007AA13C /* pig_6.png */; };
		9555816726BA4657007AA13C /* pig_4.png in Resources */ = {isa = PBXBuildFile; fileRef = 9555813426BA4657007AA13C /* pig_4.png */; };
		9555816826BA4657007AA13C /* pig_16.png in Resources */ = {isa = PBXBuildFile; fileRef = 9555813526BA4657007AA13C /* pig_16.png */; };
		9555816926BA4657007AA13C /* pig_17.png in Resources */ = {isa = PBXBuildFile; fileRef = 9555813626BA4657007AA13C /* pig_17.png */; };
		9555816A26BA4657007AA13C /* pig_5.png in Resources */ = {isa = PBXBuildFile; fileRef = 9555813726BA4657007AA13C /* pig_5.png */; };
		9555817326BA4C7C007AA13C /* like_0.jpeg in Resources */ = {isa = PBXBuildFile; fileRef = 9555816D26BA4C7C007AA13C /* like_0.jpeg */; };
		9555817426BA4C7C007AA13C /* like_1.jpeg in Resources */ = {isa = PBXBuildFile; fileRef = 9555816E26BA4C7C007AA13C /* like_1.jpeg */; };
		9555817526BA4C7C007AA13C /* like_4.jpeg in Resources */ = {isa = PBXBuildFile; fileRef = 9555816F26BA4C7C007AA13C /* like_4.jpeg */; };
		9555817626BA4C7C007AA13C /* like_5.jpeg in Resources */ = {isa = PBXBuildFile; fileRef = 9555817026BA4C7C007AA13C /* like_5.jpeg */; };
		9555817726BA4C7C007AA13C /* like_2.jpeg in Resources */ = {isa = PBXBuildFile; fileRef = 9555817126BA4C7C007AA13C /* like_2.jpeg */; };
		9555817826BA4C7C007AA13C /* like_3.jpeg in Resources */ = {isa = PBXBuildFile; fileRef = 9555817226BA4C7C007AA13C /* like_3.jpeg */; };
		95792A24265638C600AE8ED5 /* AlbumNavBar.swift in Sources */ = {isa = PBXBuildFile; fileRef = 95792A23265638C600AE8ED5 /* AlbumNavBar.swift */; };
		95792A2926563F2200AE8ED5 /* AlbumCell.swift in Sources */ = {isa = PBXBuildFile; fileRef = 95792A2726563F2200AE8ED5 /* AlbumCell.swift */; };
		95792A2A26563F2200AE8ED5 /* AlbumCell.xib in Resources */ = {isa = PBXBuildFile; fileRef = 95792A2826563F2200AE8ED5 /* AlbumCell.xib */; };
		95792A2F265667B600AE8ED5 /* ThumbnailNavBar.swift in Sources */ = {isa = PBXBuildFile; fileRef = 95792A2E265667B600AE8ED5 /* ThumbnailNavBar.swift */; };
		95792A3326566EC700AE8ED5 /* ThumbnailToolBar.swift in Sources */ = {isa = PBXBuildFile; fileRef = 95792A3226566EC700AE8ED5 /* ThumbnailToolBar.swift */; };
		95792A3B2657512B00AE8ED5 /* ThumbnailCell.swift in Sources */ = {isa = PBXBuildFile; fileRef = 95792A392657512B00AE8ED5 /* ThumbnailCell.swift */; };
		95792A3C2657512B00AE8ED5 /* ThumbnailCell.xib in Resources */ = {isa = PBXBuildFile; fileRef = 95792A3A2657512B00AE8ED5 /* ThumbnailCell.xib */; };
		95792A402657675A00AE8ED5 /* BrowserNavBar.swift in Sources */ = {isa = PBXBuildFile; fileRef = 95792A3F2657675A00AE8ED5 /* BrowserNavBar.swift */; };
		95792A872657920E00AE8ED5 /* BrowserToolBar.swift in Sources */ = {isa = PBXBuildFile; fileRef = 95792A862657920E00AE8ED5 /* BrowserToolBar.swift */; };
		95792A8B26579A9200AE8ED5 /* ImageBrowserCell.swift in Sources */ = {isa = PBXBuildFile; fileRef = 95792A8926579A9200AE8ED5 /* ImageBrowserCell.swift */; };
		95792A8C26579A9200AE8ED5 /* ImageBrowserCell.xib in Resources */ = {isa = PBXBuildFile; fileRef = 95792A8A26579A9200AE8ED5 /* ImageBrowserCell.xib */; };
		95792A9026579AA300AE8ED5 /* VideoBrowserCell.swift in Sources */ = {isa = PBXBuildFile; fileRef = 95792A8E26579AA300AE8ED5 /* VideoBrowserCell.swift */; };
		95792A9126579AA300AE8ED5 /* VideoBrowserCell.xib in Resources */ = {isa = PBXBuildFile; fileRef = 95792A8F26579AA300AE8ED5 /* VideoBrowserCell.xib */; };
		9582CACC26F338C100C250E7 /* ImageFilterTool.swift in Sources */ = {isa = PBXBuildFile; fileRef = 9582CACB26F338C100C250E7 /* ImageFilterTool.swift */; };
		9582CACE26F33B1700C250E7 /* ImageFilterSelectView.swift in Sources */ = {isa = PBXBuildFile; fileRef = 9582CACD26F33B1700C250E7 /* ImageFilterSelectView.swift */; };
		9582CAD026F33B4B00C250E7 /* ImageFilterInteractView.swift in Sources */ = {isa = PBXBuildFile; fileRef = 9582CACF26F33B4B00C250E7 /* ImageFilterInteractView.swift */; };
		BFEB069A60BB41EC33CB7F50 /* Pods_ADPhotoKit_Example.framework in Frameworks */ = {isa = PBXBuildFile; fileRef = 24853DA6C7C8D2739F567EE4 /* Pods_ADPhotoKit_Example.framework */; };
/* End PBXBuildFile section */

/* Begin PBXFileReference section */
		08395E3DCFD85DA8A140A2E4 /* Pods-ADPhotoKit_Example.release.xcconfig */ = {isa = PBXFileReference; includeInIndex = 1; lastKnownFileType = text.xcconfig; name = "Pods-ADPhotoKit_Example.release.xcconfig"; path = "Target Support Files/Pods-ADPhotoKit_Example/Pods-ADPhotoKit_Example.release.xcconfig"; sourceTree = "<group>"; };
		24853DA6C7C8D2739F567EE4 /* Pods_ADPhotoKit_Example.framework */ = {isa = PBXFileReference; explicitFileType = wrapper.framework; includeInIndex = 0; path = Pods_ADPhotoKit_Example.framework; sourceTree = BUILT_PRODUCTS_DIR; };
		3CB39CA1E981703801E81343 /* Pods-ADPhotoKit_Example.debug.xcconfig */ = {isa = PBXFileReference; includeInIndex = 1; lastKnownFileType = text.xcconfig; name = "Pods-ADPhotoKit_Example.debug.xcconfig"; path = "Target Support Files/Pods-ADPhotoKit_Example/Pods-ADPhotoKit_Example.debug.xcconfig"; sourceTree = "<group>"; };
		607FACD01AFB9204008FA782 /* ADPhotoKit_Example.app */ = {isa = PBXFileReference; explicitFileType = wrapper.application; includeInIndex = 0; path = ADPhotoKit_Example.app; sourceTree = BUILT_PRODUCTS_DIR; };
		607FACD41AFB9204008FA782 /* Info.plist */ = {isa = PBXFileReference; lastKnownFileType = text.plist.xml; path = Info.plist; sourceTree = "<group>"; };
		607FACD51AFB9204008FA782 /* AppDelegate.swift */ = {isa = PBXFileReference; lastKnownFileType = sourcecode.swift; path = AppDelegate.swift; sourceTree = "<group>"; };
		607FACD71AFB9204008FA782 /* ViewController.swift */ = {isa = PBXFileReference; lastKnownFileType = sourcecode.swift; path = ViewController.swift; sourceTree = "<group>"; };
		607FACDA1AFB9204008FA782 /* Base */ = {isa = PBXFileReference; lastKnownFileType = file.storyboard; name = Base; path = Base.lproj/Main.storyboard; sourceTree = "<group>"; };
		607FACDC1AFB9204008FA782 /* Images.xcassets */ = {isa = PBXFileReference; lastKnownFileType = folder.assetcatalog; path = Images.xcassets; sourceTree = "<group>"; };
		607FACDF1AFB9204008FA782 /* Base */ = {isa = PBXFileReference; lastKnownFileType = file.xib; name = Base; path = Base.lproj/LaunchScreen.xib; sourceTree = "<group>"; };
		6F6E6C84A9FE07B23F93C7EB /* README.md */ = {isa = PBXFileReference; includeInIndex = 1; lastKnownFileType = net.daringfireball.markdown; name = README.md; path = ../README.md; sourceTree = "<group>"; };
		781C69769B128467B470C297 /* ADPhotoKit.podspec */ = {isa = PBXFileReference; includeInIndex = 1; lastKnownFileType = text; name = ADPhotoKit.podspec; path = ../ADPhotoKit.podspec; sourceTree = "<group>"; xcLanguageSpecificationIdentifier = xcode.lang.ruby; };
		9522FB322655133D00A0D360 /* ProgressHUD.swift */ = {isa = PBXFileReference; lastKnownFileType = sourcecode.swift; path = ProgressHUD.swift; sourceTree = "<group>"; };
		9522FB3726551A4400A0D360 /* Progress.swift */ = {isa = PBXFileReference; lastKnownFileType = sourcecode.swift; path = Progress.swift; sourceTree = "<group>"; };
		9551F0A6263A98D80089C8DE /* LanguageViewController.swift */ = {isa = PBXFileReference; lastKnownFileType = sourcecode.swift; path = LanguageViewController.swift; sourceTree = "<group>"; };
		9551F0B1263BA9130089C8DE /* ConfigModel.swift */ = {isa = PBXFileReference; lastKnownFileType = sourcecode.swift; path = ConfigModel.swift; sourceTree = "<group>"; };
		9551F0B5263BACB70089C8DE /* ConfigCell.swift */ = {isa = PBXFileReference; lastKnownFileType = sourcecode.swift; path = ConfigCell.swift; sourceTree = "<group>"; };
		9551F0B8263C0AF10089C8DE /* Stepper.swift */ = {isa = PBXFileReference; lastKnownFileType = sourcecode.swift; path = Stepper.swift; sourceTree = "<group>"; };
		9551F0BB263C0F600089C8DE /* Ranger.swift */ = {isa = PBXFileReference; lastKnownFileType = sourcecode.swift; path = Ranger.swift; sourceTree = "<group>"; };
		9555810326BA4656007AA13C /* agg_5.png */ = {isa = PBXFileReference; lastKnownFileType = image.png; path = agg_5.png; sourceTree = "<group>"; };
		9555810426BA4656007AA13C /* agg_4.png */ = {isa = PBXFileReference; lastKnownFileType = image.png; path = agg_4.png; sourceTree = "<group>"; };
		9555810526BA4656007AA13C /* agg_6.png */ = {isa = PBXFileReference; lastKnownFileType = image.png; path = agg_6.png; sourceTree = "<group>"; };
		9555810626BA4656007AA13C /* agg_7.png */ = {isa = PBXFileReference; lastKnownFileType = image.png; path = agg_7.png; sourceTree = "<group>"; };
		9555810726BA4656007AA13C /* agg_3.png */ = {isa = PBXFileReference; lastKnownFileType = image.png; path = agg_3.png; sourceTree = "<group>"; };
		9555810826BA4656007AA13C /* agg_2.png */ = {isa = PBXFileReference; lastKnownFileType = image.png; path = agg_2.png; sourceTree = "<group>"; };
		9555810926BA4656007AA13C /* agg_0.png */ = {isa = PBXFileReference; lastKnownFileType = image.png; path = agg_0.png; sourceTree = "<group>"; };
		9555810A26BA4656007AA13C /* agg_1.png */ = {isa = PBXFileReference; lastKnownFileType = image.png; path = agg_1.png; sourceTree = "<group>"; };
		9555810B26BA4656007AA13C /* agg_9.png */ = {isa = PBXFileReference; lastKnownFileType = image.png; path = agg_9.png; sourceTree = "<group>"; };
		9555810C26BA4656007AA13C /* agg_8.png */ = {isa = PBXFileReference; lastKnownFileType = image.png; path = agg_8.png; sourceTree = "<group>"; };
		9555810D26BA4656007AA13C /* agg_cover.png */ = {isa = PBXFileReference; lastKnownFileType = image.png; path = agg_cover.png; sourceTree = "<group>"; };
		9555810E26BA4656007AA13C /* agg_15.png */ = {isa = PBXFileReference; lastKnownFileType = image.png; path = agg_15.png; sourceTree = "<group>"; };
		9555810F26BA4656007AA13C /* agg_14.png */ = {isa = PBXFileReference; lastKnownFileType = image.png; path = agg_14.png; sourceTree = "<group>"; };
		9555811026BA4656007AA13C /* agg_10.png */ = {isa = PBXFileReference; lastKnownFileType = image.png; path = agg_10.png; sourceTree = "<group>"; };
		9555811126BA4656007AA13C /* agg_11.png */ = {isa = PBXFileReference; lastKnownFileType = image.png; path = agg_11.png; sourceTree = "<group>"; };
		9555811226BA4656007AA13C /* agg_13.png */ = {isa = PBXFileReference; lastKnownFileType = image.png; path = agg_13.png; sourceTree = "<group>"; };
		9555811326BA4656007AA13C /* agg_12.png */ = {isa = PBXFileReference; lastKnownFileType = image.png; path = agg_12.png; sourceTree = "<group>"; };
		9555811526BA4657007AA13C /* dog_9.png */ = {isa = PBXFileReference; lastKnownFileType = image.png; path = dog_9.png; sourceTree = "<group>"; };
		9555811626BA4657007AA13C /* dog_8.png */ = {isa = PBXFileReference; lastKnownFileType = image.png; path = dog_8.png; sourceTree = "<group>"; };
		9555811726BA4657007AA13C /* dog_6.png */ = {isa = PBXFileReference; lastKnownFileType = image.png; path = dog_6.png; sourceTree = "<group>"; };
		9555811826BA4657007AA13C /* dog_7.png */ = {isa = PBXFileReference; lastKnownFileType = image.png; path = dog_7.png; sourceTree = "<group>"; };
		9555811926BA4657007AA13C /* dog_5.png */ = {isa = PBXFileReference; lastKnownFileType = image.png; path = dog_5.png; sourceTree = "<group>"; };
		9555811A26BA4657007AA13C /* dog_4.png */ = {isa = PBXFileReference; lastKnownFileType = image.png; path = dog_4.png; sourceTree = "<group>"; };
		9555811B26BA4657007AA13C /* dog_0.png */ = {isa = PBXFileReference; lastKnownFileType = image.png; path = dog_0.png; sourceTree = "<group>"; };
		9555811C26BA4657007AA13C /* dog_1.png */ = {isa = PBXFileReference; lastKnownFileType = image.png; path = dog_1.png; sourceTree = "<group>"; };
		9555811D26BA4657007AA13C /* dog_3.png */ = {isa = PBXFileReference; lastKnownFileType = image.png; path = dog_3.png; sourceTree = "<group>"; };
		9555811E26BA4657007AA13C /* dog_2.png */ = {isa = PBXFileReference; lastKnownFileType = image.png; path = dog_2.png; sourceTree = "<group>"; };
		9555812026BA4657007AA13C /* pig_8.png */ = {isa = PBXFileReference; lastKnownFileType = image.png; path = pig_8.png; sourceTree = "<group>"; };
		9555812126BA4657007AA13C /* pig_9.png */ = {isa = PBXFileReference; lastKnownFileType = image.png; path = pig_9.png; sourceTree = "<group>"; };
		9555812226BA4657007AA13C /* pig_19.png */ = {isa = PBXFileReference; lastKnownFileType = image.png; path = pig_19.png; sourceTree = "<group>"; };
		9555812326BA4657007AA13C /* pig_18.png */ = {isa = PBXFileReference; lastKnownFileType = image.png; path = pig_18.png; sourceTree = "<group>"; };
		9555812426BA4657007AA13C /* pig_20.png */ = {isa = PBXFileReference; lastKnownFileType = image.png; path = pig_20.png; sourceTree = "<group>"; };
		9555812526BA4657007AA13C /* pig_21.png */ = {isa = PBXFileReference; lastKnownFileType = image.png; path = pig_21.png; sourceTree = "<group>"; };
		9555812626BA4657007AA13C /* pig_23.png */ = {isa = PBXFileReference; lastKnownFileType = image.png; path = pig_23.png; sourceTree = "<group>"; };
		9555812726BA4657007AA13C /* pig_22.png */ = {isa = PBXFileReference; lastKnownFileType = image.png; path = pig_22.png; sourceTree = "<group>"; };
		9555812826BA4657007AA13C /* pig_1.png */ = {isa = PBXFileReference; lastKnownFileType = image.png; path = pig_1.png; sourceTree = "<group>"; };
		9555812926BA4657007AA13C /* pig_13.png */ = {isa = PBXFileReference; lastKnownFileType = image.png; path = pig_13.png; sourceTree = "<group>"; };
		9555812A26BA4657007AA13C /* pig_12.png */ = {isa = PBXFileReference; lastKnownFileType = image.png; path = pig_12.png; sourceTree = "<group>"; };
		9555812B26BA4657007AA13C /* pig_0.png */ = {isa = PBXFileReference; lastKnownFileType = image.png; path = pig_0.png; sourceTree = "<group>"; };
		9555812C26BA4657007AA13C /* pig_2.png */ = {isa = PBXFileReference; lastKnownFileType = image.png; path = pig_2.png; sourceTree = "<group>"; };
		9555812D26BA4657007AA13C /* pig_10.png */ = {isa = PBXFileReference; lastKnownFileType = image.png; path = pig_10.png; sourceTree = "<group>"; };
		9555812E26BA4657007AA13C /* pig_11.png */ = {isa = PBXFileReference; lastKnownFileType = image.png; path = pig_11.png; sourceTree = "<group>"; };
		9555812F26BA4657007AA13C /* pig_3.png */ = {isa = PBXFileReference; lastKnownFileType = image.png; path = pig_3.png; sourceTree = "<group>"; };
		9555813026BA4657007AA13C /* pig_7.png */ = {isa = PBXFileReference; lastKnownFileType = image.png; path = pig_7.png; sourceTree = "<group>"; };
		9555813126BA4657007AA13C /* pig_15.png */ = {isa = PBXFileReference; lastKnownFileType = image.png; path = pig_15.png; sourceTree = "<group>"; };
		9555813226BA4657007AA13C /* pig_14.png */ = {isa = PBXFileReference; lastKnownFileType = image.png; path = pig_14.png; sourceTree = "<group>"; };
		9555813326BA4657007AA13C /* pig_6.png */ = {isa = PBXFileReference; lastKnownFileType = image.png; path = pig_6.png; sourceTree = "<group>"; };
		9555813426BA4657007AA13C /* pig_4.png */ = {isa = PBXFileReference; lastKnownFileType = image.png; path = pig_4.png; sourceTree = "<group>"; };
		9555813526BA4657007AA13C /* pig_16.png */ = {isa = PBXFileReference; lastKnownFileType = image.png; path = pig_16.png; sourceTree = "<group>"; };
		9555813626BA4657007AA13C /* pig_17.png */ = {isa = PBXFileReference; lastKnownFileType = image.png; path = pig_17.png; sourceTree = "<group>"; };
		9555813726BA4657007AA13C /* pig_5.png */ = {isa = PBXFileReference; lastKnownFileType = image.png; path = pig_5.png; sourceTree = "<group>"; };
		9555816D26BA4C7C007AA13C /* like_0.jpeg */ = {isa = PBXFileReference; lastKnownFileType = image.jpeg; path = like_0.jpeg; sourceTree = "<group>"; };
		9555816E26BA4C7C007AA13C /* like_1.jpeg */ = {isa = PBXFileReference; lastKnownFileType = image.jpeg; path = like_1.jpeg; sourceTree = "<group>"; };
		9555816F26BA4C7C007AA13C /* like_4.jpeg */ = {isa = PBXFileReference; lastKnownFileType = image.jpeg; path = like_4.jpeg; sourceTree = "<group>"; };
		9555817026BA4C7C007AA13C /* like_5.jpeg */ = {isa = PBXFileReference; lastKnownFileType = image.jpeg; path = like_5.jpeg; sourceTree = "<group>"; };
		9555817126BA4C7C007AA13C /* like_2.jpeg */ = {isa = PBXFileReference; lastKnownFileType = image.jpeg; path = like_2.jpeg; sourceTree = "<group>"; };
		9555817226BA4C7C007AA13C /* like_3.jpeg */ = {isa = PBXFileReference; lastKnownFileType = image.jpeg; path = like_3.jpeg; sourceTree = "<group>"; };
		95792A23265638C600AE8ED5 /* AlbumNavBar.swift */ = {isa = PBXFileReference; lastKnownFileType = sourcecode.swift; path = AlbumNavBar.swift; sourceTree = "<group>"; };
		95792A2726563F2200AE8ED5 /* AlbumCell.swift */ = {isa = PBXFileReference; lastKnownFileType = sourcecode.swift; path = AlbumCell.swift; sourceTree = "<group>"; };
		95792A2826563F2200AE8ED5 /* AlbumCell.xib */ = {isa = PBXFileReference; lastKnownFileType = file.xib; path = AlbumCell.xib; sourceTree = "<group>"; };
		95792A2E265667B600AE8ED5 /* ThumbnailNavBar.swift */ = {isa = PBXFileReference; lastKnownFileType = sourcecode.swift; path = ThumbnailNavBar.swift; sourceTree = "<group>"; };
		95792A3226566EC700AE8ED5 /* ThumbnailToolBar.swift */ = {isa = PBXFileReference; lastKnownFileType = sourcecode.swift; path = ThumbnailToolBar.swift; sourceTree = "<group>"; };
		95792A392657512B00AE8ED5 /* ThumbnailCell.swift */ = {isa = PBXFileReference; lastKnownFileType = sourcecode.swift; path = ThumbnailCell.swift; sourceTree = "<group>"; };
		95792A3A2657512B00AE8ED5 /* ThumbnailCell.xib */ = {isa = PBXFileReference; lastKnownFileType = file.xib; path = ThumbnailCell.xib; sourceTree = "<group>"; };
		95792A3F2657675A00AE8ED5 /* BrowserNavBar.swift */ = {isa = PBXFileReference; lastKnownFileType = sourcecode.swift; path = BrowserNavBar.swift; sourceTree = "<group>"; };
		95792A862657920E00AE8ED5 /* BrowserToolBar.swift */ = {isa = PBXFileReference; lastKnownFileType = sourcecode.swift; path = BrowserToolBar.swift; sourceTree = "<group>"; };
		95792A8926579A9200AE8ED5 /* ImageBrowserCell.swift */ = {isa = PBXFileReference; lastKnownFileType = sourcecode.swift; path = ImageBrowserCell.swift; sourceTree = "<group>"; };
		95792A8A26579A9200AE8ED5 /* ImageBrowserCell.xib */ = {isa = PBXFileReference; lastKnownFileType = file.xib; path = ImageBrowserCell.xib; sourceTree = "<group>"; };
		95792A8E26579AA300AE8ED5 /* VideoBrowserCell.swift */ = {isa = PBXFileReference; lastKnownFileType = sourcecode.swift; path = VideoBrowserCell.swift; sourceTree = "<group>"; };
		95792A8F26579AA300AE8ED5 /* VideoBrowserCell.xib */ = {isa = PBXFileReference; lastKnownFileType = file.xib; path = VideoBrowserCell.xib; sourceTree = "<group>"; };
		9582CACB26F338C100C250E7 /* ImageFilterTool.swift */ = {isa = PBXFileReference; lastKnownFileType = sourcecode.swift; path = ImageFilterTool.swift; sourceTree = "<group>"; };
		9582CACD26F33B1700C250E7 /* ImageFilterSelectView.swift */ = {isa = PBXFileReference; lastKnownFileType = sourcecode.swift; path = ImageFilterSelectView.swift; sourceTree = "<group>"; };
		9582CACF26F33B4B00C250E7 /* ImageFilterInteractView.swift */ = {isa = PBXFileReference; lastKnownFileType = sourcecode.swift; path = ImageFilterInteractView.swift; sourceTree = "<group>"; };
		95CADD19265CD0A100009D1B /* Package.swift */ = {isa = PBXFileReference; lastKnownFileType = sourcecode.swift; name = Package.swift; path = ../Package.swift; sourceTree = "<group>"; };
		A1D674AD92CA2F57D0C42C9D /* Pods-ADPhotoKit_Tests.release.xcconfig */ = {isa = PBXFileReference; includeInIndex = 1; lastKnownFileType = text.xcconfig; name = "Pods-ADPhotoKit_Tests.release.xcconfig"; path = "Target Support Files/Pods-ADPhotoKit_Tests/Pods-ADPhotoKit_Tests.release.xcconfig"; sourceTree = "<group>"; };
		AD6AD32727AAE9474B8F3EE1 /* LICENSE */ = {isa = PBXFileReference; includeInIndex = 1; lastKnownFileType = text; name = LICENSE; path = ../LICENSE; sourceTree = "<group>"; };
		F4DFDAA40DFA764DB6B4FEC5 /* Pods_ADPhotoKit_Tests.framework */ = {isa = PBXFileReference; explicitFileType = wrapper.framework; includeInIndex = 0; path = Pods_ADPhotoKit_Tests.framework; sourceTree = BUILT_PRODUCTS_DIR; };
		F9BCBFC55D95A204A06DE392 /* Pods-ADPhotoKit_Tests.debug.xcconfig */ = {isa = PBXFileReference; includeInIndex = 1; lastKnownFileType = text.xcconfig; name = "Pods-ADPhotoKit_Tests.debug.xcconfig"; path = "Target Support Files/Pods-ADPhotoKit_Tests/Pods-ADPhotoKit_Tests.debug.xcconfig"; sourceTree = "<group>"; };
/* End PBXFileReference section */

/* Begin PBXFrameworksBuildPhase section */
		607FACCD1AFB9204008FA782 /* Frameworks */ = {
			isa = PBXFrameworksBuildPhase;
			buildActionMask = 2147483647;
			files = (
				BFEB069A60BB41EC33CB7F50 /* Pods_ADPhotoKit_Example.framework in Frameworks */,
			);
			runOnlyForDeploymentPostprocessing = 0;
		};
/* End PBXFrameworksBuildPhase section */

/* Begin PBXGroup section */
		4C9CED2509EB7CED8E823359 /* Frameworks */ = {
			isa = PBXGroup;
			children = (
				24853DA6C7C8D2739F567EE4 /* Pods_ADPhotoKit_Example.framework */,
				F4DFDAA40DFA764DB6B4FEC5 /* Pods_ADPhotoKit_Tests.framework */,
			);
			name = Frameworks;
			sourceTree = "<group>";
		};
		607FACC71AFB9204008FA782 = {
			isa = PBXGroup;
			children = (
				607FACF51AFB993E008FA782 /* Podspec Metadata */,
				607FACD21AFB9204008FA782 /* Example for ADPhotoKit */,
				607FACD11AFB9204008FA782 /* Products */,
				BEA333A6681FA83605C4EB39 /* Pods */,
				4C9CED2509EB7CED8E823359 /* Frameworks */,
			);
			sourceTree = "<group>";
		};
		607FACD11AFB9204008FA782 /* Products */ = {
			isa = PBXGroup;
			children = (
				607FACD01AFB9204008FA782 /* ADPhotoKit_Example.app */,
			);
			name = Products;
			sourceTree = "<group>";
		};
		607FACD21AFB9204008FA782 /* Example for ADPhotoKit */ = {
			isa = PBXGroup;
			children = (
				607FACD51AFB9204008FA782 /* AppDelegate.swift */,
				607FACD71AFB9204008FA782 /* ViewController.swift */,
				9551F0B1263BA9130089C8DE /* ConfigModel.swift */,
				9551F0B8263C0AF10089C8DE /* Stepper.swift */,
				9551F0BB263C0F600089C8DE /* Ranger.swift */,
				9551F0B5263BACB70089C8DE /* ConfigCell.swift */,
				9551F0A6263A98D80089C8DE /* LanguageViewController.swift */,
				9582CACA26F337DA00C250E7 /* Edit */,
				9522FB312655130E00A0D360 /* Custom */,
				607FACD91AFB9204008FA782 /* Main.storyboard */,
				607FACDC1AFB9204008FA782 /* Images.xcassets */,
				9555816B26BA465E007AA13C /* image_sticker */,
				607FACDE1AFB9204008FA782 /* LaunchScreen.xib */,
				607FACD31AFB9204008FA782 /* Supporting Files */,
			);
			name = "Example for ADPhotoKit";
			path = ADPhotoKit;
			sourceTree = "<group>";
		};
		607FACD31AFB9204008FA782 /* Supporting Files */ = {
			isa = PBXGroup;
			children = (
				607FACD41AFB9204008FA782 /* Info.plist */,
			);
			name = "Supporting Files";
			sourceTree = "<group>";
		};
		607FACF51AFB993E008FA782 /* Podspec Metadata */ = {
			isa = PBXGroup;
			children = (
				781C69769B128467B470C297 /* ADPhotoKit.podspec */,
				95CADD19265CD0A100009D1B /* Package.swift */,
				6F6E6C84A9FE07B23F93C7EB /* README.md */,
				AD6AD32727AAE9474B8F3EE1 /* LICENSE */,
			);
			name = "Podspec Metadata";
			sourceTree = "<group>";
		};
		9522FB312655130E00A0D360 /* Custom */ = {
			isa = PBXGroup;
			children = (
				9522FB322655133D00A0D360 /* ProgressHUD.swift */,
				9522FB3726551A4400A0D360 /* Progress.swift */,
				95792A23265638C600AE8ED5 /* AlbumNavBar.swift */,
				95792A2726563F2200AE8ED5 /* AlbumCell.swift */,
				95792A2826563F2200AE8ED5 /* AlbumCell.xib */,
				95792A2E265667B600AE8ED5 /* ThumbnailNavBar.swift */,
				95792A3226566EC700AE8ED5 /* ThumbnailToolBar.swift */,
				95792A392657512B00AE8ED5 /* ThumbnailCell.swift */,
				95792A3A2657512B00AE8ED5 /* ThumbnailCell.xib */,
				95792A3F2657675A00AE8ED5 /* BrowserNavBar.swift */,
				95792A862657920E00AE8ED5 /* BrowserToolBar.swift */,
				95792A8926579A9200AE8ED5 /* ImageBrowserCell.swift */,
				95792A8A26579A9200AE8ED5 /* ImageBrowserCell.xib */,
				95792A8E26579AA300AE8ED5 /* VideoBrowserCell.swift */,
				95792A8F26579AA300AE8ED5 /* VideoBrowserCell.xib */,
			);
			name = Custom;
			sourceTree = "<group>";
		};
		9555810226BA4656007AA13C /* image_sticker_agg */ = {
			isa = PBXGroup;
			children = (
				9555810326BA4656007AA13C /* agg_5.png */,
				9555810426BA4656007AA13C /* agg_4.png */,
				9555810526BA4656007AA13C /* agg_6.png */,
				9555810626BA4656007AA13C /* agg_7.png */,
				9555810726BA4656007AA13C /* agg_3.png */,
				9555810826BA4656007AA13C /* agg_2.png */,
				9555810926BA4656007AA13C /* agg_0.png */,
				9555810A26BA4656007AA13C /* agg_1.png */,
				9555810B26BA4656007AA13C /* agg_9.png */,
				9555810C26BA4656007AA13C /* agg_8.png */,
				9555810D26BA4656007AA13C /* agg_cover.png */,
				9555810E26BA4656007AA13C /* agg_15.png */,
				9555810F26BA4656007AA13C /* agg_14.png */,
				9555811026BA4656007AA13C /* agg_10.png */,
				9555811126BA4656007AA13C /* agg_11.png */,
				9555811226BA4656007AA13C /* agg_13.png */,
				9555811326BA4656007AA13C /* agg_12.png */,
			);
			path = image_sticker_agg;
			sourceTree = "<group>";
		};
		9555811426BA4657007AA13C /* image_sticker_dog */ = {
			isa = PBXGroup;
			children = (
				9555811526BA4657007AA13C /* dog_9.png */,
				9555811626BA4657007AA13C /* dog_8.png */,
				9555811726BA4657007AA13C /* dog_6.png */,
				9555811826BA4657007AA13C /* dog_7.png */,
				9555811926BA4657007AA13C /* dog_5.png */,
				9555811A26BA4657007AA13C /* dog_4.png */,
				9555811B26BA4657007AA13C /* dog_0.png */,
				9555811C26BA4657007AA13C /* dog_1.png */,
				9555811D26BA4657007AA13C /* dog_3.png */,
				9555811E26BA4657007AA13C /* dog_2.png */,
			);
			path = image_sticker_dog;
			sourceTree = "<group>";
		};
		9555811F26BA4657007AA13C /* image_sticker_pig */ = {
			isa = PBXGroup;
			children = (
				9555812026BA4657007AA13C /* pig_8.png */,
				9555812126BA4657007AA13C /* pig_9.png */,
				9555812226BA4657007AA13C /* pig_19.png */,
				9555812326BA4657007AA13C /* pig_18.png */,
				9555812426BA4657007AA13C /* pig_20.png */,
				9555812526BA4657007AA13C /* pig_21.png */,
				9555812626BA4657007AA13C /* pig_23.png */,
				9555812726BA4657007AA13C /* pig_22.png */,
				9555812826BA4657007AA13C /* pig_1.png */,
				9555812926BA4657007AA13C /* pig_13.png */,
				9555812A26BA4657007AA13C /* pig_12.png */,
				9555812B26BA4657007AA13C /* pig_0.png */,
				9555812C26BA4657007AA13C /* pig_2.png */,
				9555812D26BA4657007AA13C /* pig_10.png */,
				9555812E26BA4657007AA13C /* pig_11.png */,
				9555812F26BA4657007AA13C /* pig_3.png */,
				9555813026BA4657007AA13C /* pig_7.png */,
				9555813126BA4657007AA13C /* pig_15.png */,
				9555813226BA4657007AA13C /* pig_14.png */,
				9555813326BA4657007AA13C /* pig_6.png */,
				9555813426BA4657007AA13C /* pig_4.png */,
				9555813526BA4657007AA13C /* pig_16.png */,
				9555813626BA4657007AA13C /* pig_17.png */,
				9555813726BA4657007AA13C /* pig_5.png */,
			);
			path = image_sticker_pig;
			sourceTree = "<group>";
		};
		9555816B26BA465E007AA13C /* image_sticker */ = {
			isa = PBXGroup;
			children = (
				9555816C26BA4C7C007AA13C /* image_sticker_like */,
				9555810226BA4656007AA13C /* image_sticker_agg */,
				9555811426BA4657007AA13C /* image_sticker_dog */,
				9555811F26BA4657007AA13C /* image_sticker_pig */,
			);
			path = image_sticker;
			sourceTree = "<group>";
		};
		9555816C26BA4C7C007AA13C /* image_sticker_like */ = {
			isa = PBXGroup;
			children = (
				9555816D26BA4C7C007AA13C /* like_0.jpeg */,
				9555816E26BA4C7C007AA13C /* like_1.jpeg */,
				9555816F26BA4C7C007AA13C /* like_4.jpeg */,
				9555817026BA4C7C007AA13C /* like_5.jpeg */,
				9555817126BA4C7C007AA13C /* like_2.jpeg */,
				9555817226BA4C7C007AA13C /* like_3.jpeg */,
			);
			path = image_sticker_like;
			sourceTree = "<group>";
		};
		9582CACA26F337DA00C250E7 /* Edit */ = {
			isa = PBXGroup;
			children = (
				9582CACB26F338C100C250E7 /* ImageFilterTool.swift */,
				9582CACD26F33B1700C250E7 /* ImageFilterSelectView.swift */,
				9582CACF26F33B4B00C250E7 /* ImageFilterInteractView.swift */,
			);
			name = Edit;
			sourceTree = "<group>";
		};
		BEA333A6681FA83605C4EB39 /* Pods */ = {
			isa = PBXGroup;
			children = (
				3CB39CA1E981703801E81343 /* Pods-ADPhotoKit_Example.debug.xcconfig */,
				08395E3DCFD85DA8A140A2E4 /* Pods-ADPhotoKit_Example.release.xcconfig */,
				F9BCBFC55D95A204A06DE392 /* Pods-ADPhotoKit_Tests.debug.xcconfig */,
				A1D674AD92CA2F57D0C42C9D /* Pods-ADPhotoKit_Tests.release.xcconfig */,
			);
			path = Pods;
			sourceTree = "<group>";
		};
/* End PBXGroup section */

/* Begin PBXNativeTarget section */
		607FACCF1AFB9204008FA782 /* ADPhotoKit_Example */ = {
			isa = PBXNativeTarget;
			buildConfigurationList = 607FACEF1AFB9204008FA782 /* Build configuration list for PBXNativeTarget "ADPhotoKit_Example" */;
			buildPhases = (
				0BEDC5C80018555E8B7659A0 /* [CP] Check Pods Manifest.lock */,
				607FACCC1AFB9204008FA782 /* Sources */,
				607FACCD1AFB9204008FA782 /* Frameworks */,
				607FACCE1AFB9204008FA782 /* Resources */,
				6BD8839C95BA35D66002F611 /* [CP] Embed Pods Frameworks */,
			);
			buildRules = (
			);
			dependencies = (
			);
			name = ADPhotoKit_Example;
			productName = ADPhotoKit;
			productReference = 607FACD01AFB9204008FA782 /* ADPhotoKit_Example.app */;
			productType = "com.apple.product-type.application";
		};
/* End PBXNativeTarget section */

/* Begin PBXProject section */
		607FACC81AFB9204008FA782 /* Project object */ = {
			isa = PBXProject;
			attributes = {
				LastSwiftUpdateCheck = 0830;
				LastUpgradeCheck = 0830;
				ORGANIZATIONNAME = CocoaPods;
				TargetAttributes = {
					607FACCF1AFB9204008FA782 = {
						CreatedOnToolsVersion = 6.3.1;
						DevelopmentTeam = 498TALM54C;
						LastSwiftMigration = 0900;
					};
				};
			};
			buildConfigurationList = 607FACCB1AFB9204008FA782 /* Build configuration list for PBXProject "ADPhotoKit" */;
			compatibilityVersion = "Xcode 3.2";
			developmentRegion = en;
			hasScannedForEncodings = 0;
			knownRegions = (
				en,
				Base,
			);
			mainGroup = 607FACC71AFB9204008FA782;
			productRefGroup = 607FACD11AFB9204008FA782 /* Products */;
			projectDirPath = "";
			projectRoot = "";
			targets = (
				607FACCF1AFB9204008FA782 /* ADPhotoKit_Example */,
			);
		};
/* End PBXProject section */

/* Begin PBXResourcesBuildPhase section */
		607FACCE1AFB9204008FA782 /* Resources */ = {
			isa = PBXResourcesBuildPhase;
			buildActionMask = 2147483647;
			files = (
				9555815C26BA4657007AA13C /* pig_13.png in Resources */,
				9555816526BA4657007AA13C /* pig_14.png in Resources */,
				9555814C26BA4657007AA13C /* dog_7.png in Resources */,
				9555813E26BA4657007AA13C /* agg_0.png in Resources */,
				9555814326BA4657007AA13C /* agg_15.png in Resources */,
				9555817726BA4C7C007AA13C /* like_2.jpeg in Resources */,
				9555816726BA4657007AA13C /* pig_4.png in Resources */,
				95792A8C26579A9200AE8ED5 /* ImageBrowserCell.xib in Resources */,
				95792A9126579AA300AE8ED5 /* VideoBrowserCell.xib in Resources */,
				9555817426BA4C7C007AA13C /* like_1.jpeg in Resources */,
				9555814026BA4657007AA13C /* agg_9.png in Resources */,
				9555815026BA4657007AA13C /* dog_1.png in Resources */,
				9555815626BA4657007AA13C /* pig_18.png in Resources */,
				9555815126BA4657007AA13C /* dog_3.png in Resources */,
				9555814526BA4657007AA13C /* agg_10.png in Resources */,
				9555816926BA4657007AA13C /* pig_17.png in Resources */,
				9555814826BA4657007AA13C /* agg_12.png in Resources */,
				9555813B26BA4657007AA13C /* agg_7.png in Resources */,
				9555814926BA4657007AA13C /* dog_9.png in Resources */,
				9555813926BA4657007AA13C /* agg_4.png in Resources */,
				9555814D26BA4657007AA13C /* dog_5.png in Resources */,
				9555815926BA4657007AA13C /* pig_23.png in Resources */,
				9555817826BA4C7C007AA13C /* like_3.jpeg in Resources */,
				9555815826BA4657007AA13C /* pig_21.png in Resources */,
				607FACDB1AFB9204008FA782 /* Main.storyboard in Resources */,
				9555814E26BA4657007AA13C /* dog_4.png in Resources */,
				9555813C26BA4657007AA13C /* agg_3.png in Resources */,
				9555815726BA4657007AA13C /* pig_20.png in Resources */,
				9555816626BA4657007AA13C /* pig_6.png in Resources */,
				9555816426BA4657007AA13C /* pig_15.png in Resources */,
				9555816226BA4657007AA13C /* pig_3.png in Resources */,
				9555815F26BA4657007AA13C /* pig_2.png in Resources */,
				9555815326BA4657007AA13C /* pig_8.png in Resources */,
				9555814226BA4657007AA13C /* agg_cover.png in Resources */,
				9555813A26BA4657007AA13C /* agg_6.png in Resources */,
				9555815526BA4657007AA13C /* pig_19.png in Resources */,
				607FACE01AFB9204008FA782 /* LaunchScreen.xib in Resources */,
				607FACDD1AFB9204008FA782 /* Images.xcassets in Resources */,
				9555816026BA4657007AA13C /* pig_10.png in Resources */,
				9555814B26BA4657007AA13C /* dog_6.png in Resources */,
				9555815E26BA4657007AA13C /* pig_0.png in Resources */,
				9555815A26BA4657007AA13C /* pig_22.png in Resources */,
				9555815D26BA4657007AA13C /* pig_12.png in Resources */,
				9555816126BA4657007AA13C /* pig_11.png in Resources */,
				9555814126BA4657007AA13C /* agg_8.png in Resources */,
				9555814F26BA4657007AA13C /* dog_0.png in Resources */,
				9555816326BA4657007AA13C /* pig_7.png in Resources */,
				9555816826BA4657007AA13C /* pig_16.png in Resources */,
				95792A2A26563F2200AE8ED5 /* AlbumCell.xib in Resources */,
				95792A3C2657512B00AE8ED5 /* ThumbnailCell.xib in Resources */,
				9555817626BA4C7C007AA13C /* like_5.jpeg in Resources */,
				9555814626BA4657007AA13C /* agg_11.png in Resources */,
				9555814426BA4657007AA13C /* agg_14.png in Resources */,
				9555814A26BA4657007AA13C /* dog_8.png in Resources */,
				9555817326BA4C7C007AA13C /* like_0.jpeg in Resources */,
				9555815226BA4657007AA13C /* dog_2.png in Resources */,
				9555815B26BA4657007AA13C /* pig_1.png in Resources */,
				9555813D26BA4657007AA13C /* agg_2.png in Resources */,
				9555815426BA4657007AA13C /* pig_9.png in Resources */,
				9555816A26BA4657007AA13C /* pig_5.png in Resources */,
				9555813826BA4657007AA13C /* agg_5.png in Resources */,
				9555814726BA4657007AA13C /* agg_13.png in Resources */,
				9555813F26BA4657007AA13C /* agg_1.png in Resources */,
				9555817526BA4C7C007AA13C /* like_4.jpeg in Resources */,
			);
			runOnlyForDeploymentPostprocessing = 0;
		};
/* End PBXResourcesBuildPhase section */

/* Begin PBXShellScriptBuildPhase section */
		0BEDC5C80018555E8B7659A0 /* [CP] Check Pods Manifest.lock */ = {
			isa = PBXShellScriptBuildPhase;
			buildActionMask = 2147483647;
			files = (
			);
			inputFileListPaths = (
			);
			inputPaths = (
				"${PODS_PODFILE_DIR_PATH}/Podfile.lock",
				"${PODS_ROOT}/Manifest.lock",
			);
			name = "[CP] Check Pods Manifest.lock";
			outputFileListPaths = (
			);
			outputPaths = (
				"$(DERIVED_FILE_DIR)/Pods-ADPhotoKit_Example-checkManifestLockResult.txt",
			);
			runOnlyForDeploymentPostprocessing = 0;
			shellPath = /bin/sh;
			shellScript = "diff \"${PODS_PODFILE_DIR_PATH}/Podfile.lock\" \"${PODS_ROOT}/Manifest.lock\" > /dev/null\nif [ $? != 0 ] ; then\n    # print error to STDERR\n    echo \"error: The sandbox is not in sync with the Podfile.lock. Run 'pod install' or update your CocoaPods installation.\" >&2\n    exit 1\nfi\n# This output is used by Xcode 'outputs' to avoid re-running this script phase.\necho \"SUCCESS\" > \"${SCRIPT_OUTPUT_FILE_0}\"\n";
			showEnvVarsInLog = 0;
		};
		6BD8839C95BA35D66002F611 /* [CP] Embed Pods Frameworks */ = {
			isa = PBXShellScriptBuildPhase;
			buildActionMask = 2147483647;
			files = (
			);
			inputPaths = (
				"${PODS_ROOT}/Target Support Files/Pods-ADPhotoKit_Example/Pods-ADPhotoKit_Example-frameworks.sh",
				"${BUILT_PRODUCTS_DIR}/ADPhotoKit/ADPhotoKit.framework",
				"${BUILT_PRODUCTS_DIR}/Kingfisher/Kingfisher.framework",
				"${BUILT_PRODUCTS_DIR}/ProgressHUD/ProgressHUD.framework",
				"${BUILT_PRODUCTS_DIR}/SnapKit/SnapKit.framework",
			);
			name = "[CP] Embed Pods Frameworks";
			outputPaths = (
				"${TARGET_BUILD_DIR}/${FRAMEWORKS_FOLDER_PATH}/ADPhotoKit.framework",
				"${TARGET_BUILD_DIR}/${FRAMEWORKS_FOLDER_PATH}/Kingfisher.framework",
				"${TARGET_BUILD_DIR}/${FRAMEWORKS_FOLDER_PATH}/ProgressHUD.framework",
				"${TARGET_BUILD_DIR}/${FRAMEWORKS_FOLDER_PATH}/SnapKit.framework",
			);
			runOnlyForDeploymentPostprocessing = 0;
			shellPath = /bin/sh;
			shellScript = "\"${PODS_ROOT}/Target Support Files/Pods-ADPhotoKit_Example/Pods-ADPhotoKit_Example-frameworks.sh\"\n";
			showEnvVarsInLog = 0;
		};
/* End PBXShellScriptBuildPhase section */

/* Begin PBXSourcesBuildPhase section */
		607FACCC1AFB9204008FA782 /* Sources */ = {
			isa = PBXSourcesBuildPhase;
			buildActionMask = 2147483647;
			files = (
				9522FB3826551A4400A0D360 /* Progress.swift in Sources */,
				95792A24265638C600AE8ED5 /* AlbumNavBar.swift in Sources */,
				95792A3B2657512B00AE8ED5 /* ThumbnailCell.swift in Sources */,
				95792A3326566EC700AE8ED5 /* ThumbnailToolBar.swift in Sources */,
				95792A2F265667B600AE8ED5 /* ThumbnailNavBar.swift in Sources */,
				607FACD81AFB9204008FA782 /* ViewController.swift in Sources */,
				95792A872657920E00AE8ED5 /* BrowserToolBar.swift in Sources */,
				9551F0BC263C0F600089C8DE /* Ranger.swift in Sources */,
				95792A402657675A00AE8ED5 /* BrowserNavBar.swift in Sources */,
				9522FB332655133D00A0D360 /* ProgressHUD.swift in Sources */,
				9551F0B9263C0AF10089C8DE /* Stepper.swift in Sources */,
				9551F0B2263BA9130089C8DE /* ConfigModel.swift in Sources */,
				9582CAD026F33B4B00C250E7 /* ImageFilterInteractView.swift in Sources */,
				9582CACE26F33B1700C250E7 /* ImageFilterSelectView.swift in Sources */,
				9551F0B6263BACB70089C8DE /* ConfigCell.swift in Sources */,
				607FACD61AFB9204008FA782 /* AppDelegate.swift in Sources */,
				95792A9026579AA300AE8ED5 /* VideoBrowserCell.swift in Sources */,
				95792A2926563F2200AE8ED5 /* AlbumCell.swift in Sources */,
				95792A8B26579A9200AE8ED5 /* ImageBrowserCell.swift in Sources */,
				9582CACC26F338C100C250E7 /* ImageFilterTool.swift in Sources */,
				9551F0A7263A98D80089C8DE /* LanguageViewController.swift in Sources */,
			);
			runOnlyForDeploymentPostprocessing = 0;
		};
/* End PBXSourcesBuildPhase section */

/* Begin PBXVariantGroup section */
		607FACD91AFB9204008FA782 /* Main.storyboard */ = {
			isa = PBXVariantGroup;
			children = (
				607FACDA1AFB9204008FA782 /* Base */,
			);
			name = Main.storyboard;
			sourceTree = "<group>";
		};
		607FACDE1AFB9204008FA782 /* LaunchScreen.xib */ = {
			isa = PBXVariantGroup;
			children = (
				607FACDF1AFB9204008FA782 /* Base */,
			);
			name = LaunchScreen.xib;
			sourceTree = "<group>";
		};
/* End PBXVariantGroup section */

/* Begin XCBuildConfiguration section */
		607FACED1AFB9204008FA782 /* Debug */ = {
			isa = XCBuildConfiguration;
			buildSettings = {
				ALWAYS_SEARCH_USER_PATHS = NO;
				CLANG_CXX_LANGUAGE_STANDARD = "gnu++0x";
				CLANG_CXX_LIBRARY = "libc++";
				CLANG_ENABLE_MODULES = YES;
				CLANG_ENABLE_OBJC_ARC = YES;
				CLANG_WARN_BLOCK_CAPTURE_AUTORELEASING = YES;
				CLANG_WARN_BOOL_CONVERSION = YES;
				CLANG_WARN_COMMA = YES;
				CLANG_WARN_CONSTANT_CONVERSION = YES;
				CLANG_WARN_DIRECT_OBJC_ISA_USAGE = YES_ERROR;
				CLANG_WARN_EMPTY_BODY = YES;
				CLANG_WARN_ENUM_CONVERSION = YES;
				CLANG_WARN_INFINITE_RECURSION = YES;
				CLANG_WARN_INT_CONVERSION = YES;
				CLANG_WARN_NON_LITERAL_NULL_CONVERSION = YES;
				CLANG_WARN_OBJC_LITERAL_CONVERSION = YES;
				CLANG_WARN_OBJC_ROOT_CLASS = YES_ERROR;
				CLANG_WARN_RANGE_LOOP_ANALYSIS = YES;
				CLANG_WARN_STRICT_PROTOTYPES = YES;
				CLANG_WARN_SUSPICIOUS_MOVE = YES;
				CLANG_WARN_UNREACHABLE_CODE = YES;
				CLANG_WARN__DUPLICATE_METHOD_MATCH = YES;
				"CODE_SIGN_IDENTITY[sdk=iphoneos*]" = "iPhone Developer";
				COPY_PHASE_STRIP = NO;
				DEBUG_INFORMATION_FORMAT = "dwarf-with-dsym";
				ENABLE_STRICT_OBJC_MSGSEND = YES;
				ENABLE_TESTABILITY = YES;
				GCC_C_LANGUAGE_STANDARD = gnu99;
				GCC_DYNAMIC_NO_PIC = NO;
				GCC_NO_COMMON_BLOCKS = YES;
				GCC_OPTIMIZATION_LEVEL = 0;
				GCC_PREPROCESSOR_DEFINITIONS = (
					"DEBUG=1",
					"$(inherited)",
				);
				GCC_SYMBOLS_PRIVATE_EXTERN = NO;
				GCC_WARN_64_TO_32_BIT_CONVERSION = YES;
				GCC_WARN_ABOUT_RETURN_TYPE = YES_ERROR;
				GCC_WARN_UNDECLARED_SELECTOR = YES;
				GCC_WARN_UNINITIALIZED_AUTOS = YES_AGGRESSIVE;
				GCC_WARN_UNUSED_FUNCTION = YES;
				GCC_WARN_UNUSED_VARIABLE = YES;
				IPHONEOS_DEPLOYMENT_TARGET = 10.0;
				MTL_ENABLE_DEBUG_INFO = YES;
				ONLY_ACTIVE_ARCH = YES;
				SDKROOT = iphoneos;
				SWIFT_OPTIMIZATION_LEVEL = "-Onone";
			};
			name = Debug;
		};
		607FACEE1AFB9204008FA782 /* Release */ = {
			isa = XCBuildConfiguration;
			buildSettings = {
				ALWAYS_SEARCH_USER_PATHS = NO;
				CLANG_CXX_LANGUAGE_STANDARD = "gnu++0x";
				CLANG_CXX_LIBRARY = "libc++";
				CLANG_ENABLE_MODULES = YES;
				CLANG_ENABLE_OBJC_ARC = YES;
				CLANG_WARN_BLOCK_CAPTURE_AUTORELEASING = YES;
				CLANG_WARN_BOOL_CONVERSION = YES;
				CLANG_WARN_COMMA = YES;
				CLANG_WARN_CONSTANT_CONVERSION = YES;
				CLANG_WARN_DIRECT_OBJC_ISA_USAGE = YES_ERROR;
				CLANG_WARN_EMPTY_BODY = YES;
				CLANG_WARN_ENUM_CONVERSION = YES;
				CLANG_WARN_INFINITE_RECURSION = YES;
				CLANG_WARN_INT_CONVERSION = YES;
				CLANG_WARN_NON_LITERAL_NULL_CONVERSION = YES;
				CLANG_WARN_OBJC_LITERAL_CONVERSION = YES;
				CLANG_WARN_OBJC_ROOT_CLASS = YES_ERROR;
				CLANG_WARN_RANGE_LOOP_ANALYSIS = YES;
				CLANG_WARN_STRICT_PROTOTYPES = YES;
				CLANG_WARN_SUSPICIOUS_MOVE = YES;
				CLANG_WARN_UNREACHABLE_CODE = YES;
				CLANG_WARN__DUPLICATE_METHOD_MATCH = YES;
				"CODE_SIGN_IDENTITY[sdk=iphoneos*]" = "iPhone Developer";
				COPY_PHASE_STRIP = NO;
				DEBUG_INFORMATION_FORMAT = "dwarf-with-dsym";
				ENABLE_NS_ASSERTIONS = NO;
				ENABLE_STRICT_OBJC_MSGSEND = YES;
				GCC_C_LANGUAGE_STANDARD = gnu99;
				GCC_NO_COMMON_BLOCKS = YES;
				GCC_WARN_64_TO_32_BIT_CONVERSION = YES;
				GCC_WARN_ABOUT_RETURN_TYPE = YES_ERROR;
				GCC_WARN_UNDECLARED_SELECTOR = YES;
				GCC_WARN_UNINITIALIZED_AUTOS = YES_AGGRESSIVE;
				GCC_WARN_UNUSED_FUNCTION = YES;
				GCC_WARN_UNUSED_VARIABLE = YES;
				IPHONEOS_DEPLOYMENT_TARGET = 10.0;
				MTL_ENABLE_DEBUG_INFO = NO;
				SDKROOT = iphoneos;
				SWIFT_OPTIMIZATION_LEVEL = "-Owholemodule";
				VALIDATE_PRODUCT = YES;
			};
			name = Release;
		};
		607FACF01AFB9204008FA782 /* Debug */ = {
			isa = XCBuildConfiguration;
			baseConfigurationReference = 3CB39CA1E981703801E81343 /* Pods-ADPhotoKit_Example.debug.xcconfig */;
			buildSettings = {
				ASSETCATALOG_COMPILER_APPICON_NAME = AppIcon;
				DEVELOPMENT_TEAM = 498TALM54C;
				INFOPLIST_FILE = ADPhotoKit/Info.plist;
				LD_RUNPATH_SEARCH_PATHS = "$(inherited) @executable_path/Frameworks";
				MODULE_NAME = ExampleApp;
				PRODUCT_BUNDLE_IDENTIFIER = "org.cocoapods.demo.$(PRODUCT_NAME:rfc1034identifier)";
				PRODUCT_NAME = "$(TARGET_NAME)";
				SWIFT_SWIFT3_OBJC_INFERENCE = Default;
				SWIFT_VERSION = 5.0;
			};
			name = Debug;
		};
		607FACF11AFB9204008FA782 /* Release */ = {
			isa = XCBuildConfiguration;
			baseConfigurationReference = 08395E3DCFD85DA8A140A2E4 /* Pods-ADPhotoKit_Example.release.xcconfig */;
			buildSettings = {
				ASSETCATALOG_COMPILER_APPICON_NAME = AppIcon;
				DEVELOPMENT_TEAM = 498TALM54C;
				INFOPLIST_FILE = ADPhotoKit/Info.plist;
				LD_RUNPATH_SEARCH_PATHS = "$(inherited) @executable_path/Frameworks";
				MODULE_NAME = ExampleApp;
				PRODUCT_BUNDLE_IDENTIFIER = "org.cocoapods.demo.$(PRODUCT_NAME:rfc1034identifier)";
				PRODUCT_NAME = "$(TARGET_NAME)";
				SWIFT_SWIFT3_OBJC_INFERENCE = Default;
				SWIFT_VERSION = 5.0;
			};
			name = Release;
		};
/* End XCBuildConfiguration section */

/* Begin XCConfigurationList section */
		607FACCB1AFB9204008FA782 /* Build configuration list for PBXProject "ADPhotoKit" */ = {
			isa = XCConfigurationList;
			buildConfigurations = (
				607FACED1AFB9204008FA782 /* Debug */,
				607FACEE1AFB9204008FA782 /* Release */,
			);
			defaultConfigurationIsVisible = 0;
			defaultConfigurationName = Release;
		};
		607FACEF1AFB9204008FA782 /* Build configuration list for PBXNativeTarget "ADPhotoKit_Example" */ = {
			isa = XCConfigurationList;
			buildConfigurations = (
				607FACF01AFB9204008FA782 /* Debug */,
				607FACF11AFB9204008FA782 /* Release */,
			);
			defaultConfigurationIsVisible = 0;
			defaultConfigurationName = Release;
		};
/* End XCConfigurationList section */
	};
	rootObject = 607FACC81AFB9204008FA782 /* Project object */;
}
